
Microsoft Visual Studio Solution File, Format Version 12.00
# Visual Studio Version 17
VisualStudioVersion = 17.3.32825.248
MinimumVisualStudioVersion = 10.0.40219.1
Project("{FAE04EC0-301F-11D3-BF4B-00C04F79EFBC}") = "Exec2_Message", "Exec2_Message\Exec2_Message.csproj", "{D5BC3D5D-C0CE-4AFE-A9C7-C51CD8D32826}"
EndProject
Global
	GlobalSection(SolutionConfigurationPlatforms) = preSolution
		Debug|Any CPU = Debug|Any CPU
		Release|Any CPU = Release|Any CPU
	EndGlobalSection
	GlobalSection(ProjectConfigurationPlatforms) = postSolution
		{D5BC3D5D-C0CE-4AFE-A9C7-C51CD8D32826}.Debug|Any CPU.ActiveCfg = Debug|Any CPU
		{D5BC3D5D-C0CE-4AFE-A9C7-C51CD8D32826}.Debug|Any CPU.Build.0 = Debug|Any CPU
		{D5BC3D5D-C0CE-4AFE-A9C7-C51CD8D32826}.Release|Any CPU.ActiveCfg = Release|Any CPU
		{D5BC3D5D-C0CE-4AFE-A9C7-C51CD8D32826}.Release|Any CPU.Build.0 = Release|Any CPU
	EndGlobalSection
	GlobalSection(SolutionProperties) = preSolution
		HideSolutionNode = FALSE
	EndGlobalSection
	GlobalSection(ExtensibilityGlobals) = postSolution
		SolutionGuid = {E20E04EA-19FC-4849-96A6-3DEDB1F1250D}
	EndGlobalSection
EndGlobal
